
Microsoft Visual Studio Solution File, Format Version 12.00
# Visual Studio Version 17
VisualStudioVersion = 17.3.32929.385
MinimumVisualStudioVersion = 10.0.40219.1
Project("{FAE04EC0-301F-11D3-BF4B-00C04F79EFBC}") = "秒懂设计模式", "秒懂设计模式\秒懂设计模式.csproj", "{DF9F8A92-1E0D-4875-B009-1AA8E437F874}"
EndProject
Global
	GlobalSection(SolutionConfigurationPlatforms) = preSolution
		Debug|Any CPU = Debug|Any CPU
		Release|Any CPU = Release|Any CPU
	EndGlobalSection
	GlobalSection(ProjectConfigurationPlatforms) = postSolution
		{DF9F8A92-1E0D-4875-B009-1AA8E437F874}.Debug|Any CPU.ActiveCfg = Debug|Any CPU
		{DF9F8A92-1E0D-4875-B009-1AA8E437F874}.Debug|Any CPU.Build.0 = Debug|Any CPU
		{DF9F8A92-1E0D-4875-B009-1AA8E437F874}.Release|Any CPU.ActiveCfg = Release|Any CPU
		{DF9F8A92-1E0D-4875-B009-1AA8E437F874}.Release|Any CPU.Build.0 = Release|Any CPU
	EndGlobalSection
	GlobalSection(SolutionProperties) = preSolution
		HideSolutionNode = FALSE
	EndGlobalSection
	GlobalSection(ExtensibilityGlobals) = postSolution
		SolutionGuid = {7B40331E-951D-4EB5-88BA-63AE79AE4252}
	EndGlobalSection
EndGlobal
